// !$*UTF8*$!
{
	archiveVersion = 1;
	classes = {
	};
	objectVersion = 50;
	objects = {

/* Begin PBXBuildFile section */
		CD853EC52577612C00B6D8D3 /* AppDelegate.swift in Sources */ = {isa = PBXBuildFile; fileRef = CD853EC42577612C00B6D8D3 /* AppDelegate.swift */; };
		CD853EC72577612C00B6D8D3 /* SceneDelegate.swift in Sources */ = {isa = PBXBuildFile; fileRef = CD853EC62577612C00B6D8D3 /* SceneDelegate.swift */; };
		CD853ECC2577612C00B6D8D3 /* Main.storyboard in Resources */ = {isa = PBXBuildFile; fileRef = CD853ECA2577612C00B6D8D3 /* Main.storyboard */; };
		CD853ECE2577612C00B6D8D3 /* Assets.xcassets in Resources */ = {isa = PBXBuildFile; fileRef = CD853ECD2577612C00B6D8D3 /* Assets.xcassets */; };
		CD853ED12577612C00B6D8D3 /* LaunchScreen.storyboard in Resources */ = {isa = PBXBuildFile; fileRef = CD853ECF2577612C00B6D8D3 /* LaunchScreen.storyboard */; };
		CD853EDA257761AB00B6D8D3 /* Example1TableVC.swift in Sources */ = {isa = PBXBuildFile; fileRef = CD853ED9257761AB00B6D8D3 /* Example1TableVC.swift */; };
		CD853EE12577843C00B6D8D3 /* Example2TableVC.swift in Sources */ = {isa = PBXBuildFile; fileRef = CD853EE02577843C00B6D8D3 /* Example2TableVC.swift */; };
/* End PBXBuildFile section */

/* Begin PBXFileReference section */
		CD853EC12577612C00B6D8D3 /* TableConfigureExample.app */ = {isa = PBXFileReference; explicitFileType = wrapper.application; includeInIndex = 0; path = TableConfigureExample.app; sourceTree = BUILT_PRODUCTS_DIR; };
		CD853EC42577612C00B6D8D3 /* AppDelegate.swift */ = {isa = PBXFileReference; lastKnownFileType = sourcecode.swift; path = AppDelegate.swift; sourceTree = "<group>"; };
		CD853EC62577612C00B6D8D3 /* SceneDelegate.swift */ = {isa = PBXFileReference; lastKnownFileType = sourcecode.swift; path = SceneDelegate.swift; sourceTree = "<group>"; };
		CD853ECB2577612C00B6D8D3 /* Base */ = {isa = PBXFileReference; lastKnownFileType = file.storyboard; name = Base; path = Base.lproj/Main.storyboard; sourceTree = "<group>"; };
		CD853ECD2577612C00B6D8D3 /* Assets.xcassets */ = {isa = PBXFileReference; lastKnownFileType = folder.assetcatalog; path = Assets.xcassets; sourceTree = "<group>"; };
		CD853ED02577612C00B6D8D3 /* Base */ = {isa = PBXFileReference; lastKnownFileType = file.storyboard; name = Base; path = Base.lproj/LaunchScreen.storyboard; sourceTree = "<group>"; };
		CD853ED22577612C00B6D8D3 /* Info.plist */ = {isa = PBXFileReference; lastKnownFileType = text.plist.xml; path = Info.plist; sourceTree = "<group>"; };
		CD853ED9257761AB00B6D8D3 /* Example1TableVC.swift */ = {isa = PBXFileReference; lastKnownFileType = sourcecode.swift; path = Example1TableVC.swift; sourceTree = "<group>"; };
		CD853EE02577843C00B6D8D3 /* Example2TableVC.swift */ = {isa = PBXFileReference; lastKnownFileType = sourcecode.swift; path = Example2TableVC.swift; sourceTree = "<group>"; };
/* End PBXFileReference section */

/* Begin PBXFrameworksBuildPhase section */
		CD853EBE2577612C00B6D8D3 /* Frameworks */ = {
			isa = PBXFrameworksBuildPhase;
			buildActionMask = 2147483647;
			files = (
			);
			runOnlyForDeploymentPostprocessing = 0;
		};
/* End PBXFrameworksBuildPhase section */

/* Begin PBXGroup section */
		CD853EB82577612B00B6D8D3 = {
			isa = PBXGroup;
			children = (
				CD853EC32577612C00B6D8D3 /* TableConfigureExample */,
				CD853EC22577612C00B6D8D3 /* Products */,
			);
			sourceTree = "<group>";
		};
		CD853EC22577612C00B6D8D3 /* Products */ = {
			isa = PBXGroup;
			children = (
				CD853EC12577612C00B6D8D3 /* TableConfigureExample.app */,
			);
			name = Products;
			sourceTree = "<group>";
		};
		CD853EC32577612C00B6D8D3 /* TableConfigureExample */ = {
			isa = PBXGroup;
			children = (
				CD853EC42577612C00B6D8D3 /* AppDelegate.swift */,
				CD853EC62577612C00B6D8D3 /* SceneDelegate.swift */,
				CD853ED9257761AB00B6D8D3 /* Example1TableVC.swift */,
				CD853EE02577843C00B6D8D3 /* Example2TableVC.swift */,
				CD853ECA2577612C00B6D8D3 /* Main.storyboard */,
				CD853ECD2577612C00B6D8D3 /* Assets.xcassets */,
				CD853ECF2577612C00B6D8D3 /* LaunchScreen.storyboard */,
				CD853ED22577612C00B6D8D3 /* Info.plist */,
			);
			path = TableConfigureExample;
			sourceTree = "<group>";
		};
/* End PBXGroup section */

/* Begin PBXNativeTarget section */
		CD853EC02577612C00B6D8D3 /* TableConfigureExample */ = {
			isa = PBXNativeTarget;
			buildConfigurationList = CD853ED52577612C00B6D8D3 /* Build configuration list for PBXNativeTarget "TableConfigureExample" */;
			buildPhases = (
				CD853EBD2577612C00B6D8D3 /* Sources */,
				CD853EBE2577612C00B6D8D3 /* Frameworks */,
				CD853EBF2577612C00B6D8D3 /* Resources */,
			);
			buildRules = (
			);
			dependencies = (
			);
			name = TableConfigureExample;
			productName = TableConfigureExample;
			productReference = CD853EC12577612C00B6D8D3 /* TableConfigureExample.app */;
			productType = "com.apple.product-type.application";
		};
/* End PBXNativeTarget section */

/* Begin PBXProject section */
		CD853EB92577612B00B6D8D3 /* Project object */ = {
			isa = PBXProject;
			attributes = {
				LastSwiftUpdateCheck = 1220;
				LastUpgradeCheck = 1220;
				TargetAttributes = {
					CD853EC02577612C00B6D8D3 = {
						CreatedOnToolsVersion = 12.2;
					};
				};
			};
			buildConfigurationList = CD853EBC2577612B00B6D8D3 /* Build configuration list for PBXProject "TableConfigureExample" */;
			compatibilityVersion = "Xcode 9.3";
			developmentRegion = en;
			hasScannedForEncodings = 0;
			knownRegions = (
				en,
				Base,
			);
			mainGroup = CD853EB82577612B00B6D8D3;
			productRefGroup = CD853EC22577612C00B6D8D3 /* Products */;
			projectDirPath = "";
			projectRoot = "";
			targets = (
				CD853EC02577612C00B6D8D3 /* TableConfigureExample */,
			);
		};
/* End PBXProject section */

/* Begin PBXResourcesBuildPhase section */
		CD853EBF2577612C00B6D8D3 /* Resources */ = {
			isa = PBXResourcesBuildPhase;
			buildActionMask = 2147483647;
			files = (
				CD853ED12577612C00B6D8D3 /* LaunchScreen.storyboard in Resources */,
				CD853ECE2577612C00B6D8D3 /* Assets.xcassets in Resources */,
				CD853ECC2577612C00B6D8D3 /* Main.storyboard in Resources */,
			);
			runOnlyForDeploymentPostprocessing = 0;
		};
/* End PBXResourcesBuildPhase section */

/* Begin PBXSourcesBuildPhase section */
		CD853EBD2577612C00B6D8D3 /* Sources */ = {
			isa = PBXSourcesBuildPhase;
			buildActionMask = 2147483647;
			files = (
				CD853EDA257761AB00B6D8D3 /* Example1TableVC.swift in Sources */,
				CD853EC52577612C00B6D8D3 /* AppDelegate.swift in Sources */,
				CD853EE12577843C00B6D8D3 /* Example2TableVC.swift in Sources */,
				CD853EC72577612C00B6D8D3 /* SceneDelegate.swift in Sources */,
			);
			runOnlyForDeploymentPostprocessing = 0;
		};
/* End PBXSourcesBuildPhase section */

/* Begin PBXVariantGroup section */
		CD853ECA2577612C00B6D8D3 /* Main.storyboard */ = {
			isa = PBXVariantGroup;
			children = (
				CD853ECB2577612C00B6D8D3 /* Base */,
			);
			name = Main.storyboard;
			sourceTree = "<group>";
		};
		CD853ECF2577612C00B6D8D3 /* LaunchScreen.storyboard */ = {
			isa = PBXVariantGroup;
			children = (
				CD853ED02577612C00B6D8D3 /* Base */,
			);
			name = LaunchScreen.storyboard;
			sourceTree = "<group>";
		};
/* End PBXVariantGroup section */

/* Begin XCBuildConfiguration section */
		CD853ED32577612C00B6D8D3 /* Debug */ = {
			isa = XCBuildConfiguration;
			buildSettings = {
				ALWAYS_SEARCH_USER_PATHS = NO;
				CLANG_ANALYZER_NONNULL = YES;
				CLANG_ANALYZER_NUMBER_OBJECT_CONVERSION = YES_AGGRESSIVE;
				CLANG_CXX_LANGUAGE_STANDARD = "gnu++14";
				CLANG_CXX_LIBRARY = "libc++";
				CLANG_ENABLE_MODULES = YES;
				CLANG_ENABLE_OBJC_ARC = YES;
				CLANG_ENABLE_OBJC_WEAK = YES;
				CLANG_WARN_BLOCK_CAPTURE_AUTORELEASING = YES;
				CLANG_WARN_BOOL_CONVERSION = YES;
				CLANG_WARN_COMMA = YES;
				CLANG_WARN_CONSTANT_CONVERSION = YES;
				CLANG_WARN_DEPRECATED_OBJC_IMPLEMENTATIONS = YES;
				CLANG_WARN_DIRECT_OBJC_ISA_USAGE = YES_ERROR;
				CLANG_WARN_DOCUMENTATION_COMMENTS = YES;
				CLANG_WARN_EMPTY_BODY = YES;
				CLANG_WARN_ENUM_CONVERSION = YES;
				CLANG_WARN_INFINITE_RECURSION = YES;
				CLANG_WARN_INT_CONVERSION = YES;
				CLANG_WARN_NON_LITERAL_NULL_CONVERSION = YES;
				CLANG_WARN_OBJC_IMPLICIT_RETAIN_SELF = YES;
				CLANG_WARN_OBJC_LITERAL_CONVERSION = YES;
				CLANG_WARN_OBJC_ROOT_CLASS = YES_ERROR;
				CLANG_WARN_QUOTED_INCLUDE_IN_FRAMEWORK_HEADER = YES;
				CLANG_WARN_RANGE_LOOP_ANALYSIS = YES;
				CLANG_WARN_STRICT_PROTOTYPES = YES;
				CLANG_WARN_SUSPICIOUS_MOVE = YES;
				CLANG_WARN_UNGUARDED_AVAILABILITY = YES_AGGRESSIVE;
				CLANG_WARN_UNREACHABLE_CODE = YES;
				CLANG_WARN__DUPLICATE_METHOD_MATCH = YES;
				COPY_PHASE_STRIP = NO;
				DEBUG_INFORMATION_FORMAT = dwarf;
				ENABLE_STRICT_OBJC_MSGSEND = YES;
				ENABLE_TESTABILITY = YES;
				GCC_C_LANGUAGE_STANDARD = gnu11;
				GCC_DYNAMIC_NO_PIC = NO;
				GCC_NO_COMMON_BLOCKS = YES;
				GCC_OPTIMIZATION_LEVEL = 0;
				GCC_PREPROCESSOR_DEFINITIONS = (
					"DEBUG=1",
					"$(inherited)",
				);
				GCC_WARN_64_TO_32_BIT_CONVERSION = YES;
				GCC_WARN_ABOUT_RETURN_TYPE = YES_ERROR;
				GCC_WARN_UNDECLARED_SELECTOR = YES;
				GCC_WARN_UNINITIALIZED_AUTOS = YES_AGGRESSIVE;
				GCC_WARN_UNUSED_FUNCTION = YES;
				GCC_WARN_UNUSED_VARIABLE = YES;
				IPHONEOS_DEPLOYMENT_TARGET = 14.2;
				MTL_ENABLE_DEBUG_INFO = INCLUDE_SOURCE;
				MTL_FAST_MATH = YES;
				ONLY_ACTIVE_ARCH = YES;
				SDKROOT = iphoneos;
				SWIFT_ACTIVE_COMPILATION_CONDITIONS = DEBUG;
				SWIFT_OPTIMIZATION_LEVEL = "-Onone";
			};
			name = Debug;
		};
		CD853ED42577612C00B6D8D3 /* Release */ = {
			isa = XCBuildConfiguration;
			buildSettings = {
				ALWAYS_SEARCH_USER_PATHS = NO;
				CLANG_ANALYZER_NONNULL = YES;
				CLANG_ANALYZER_NUMBER_OBJECT_CONVERSION = YES_AGGRESSIVE;
				CLANG_CXX_LANGUAGE_STANDARD = "gnu++14";
				CLANG_CXX_LIBRARY = "libc++";
				CLANG_ENABLE_MODULES = YES;
				CLANG_ENABLE_OBJC_ARC = YES;
				CLANG_ENABLE_OBJC_WEAK = YES;
				CLANG_WARN_BLOCK_CAPTURE_AUTORELEASING = YES;
				CLANG_WARN_BOOL_CONVERSION = YES;
				CLANG_WARN_COMMA = YES;
				CLANG_WARN_CONSTANT_CONVERSION = YES;
				CLANG_WARN_DEPRECATED_OBJC_IMPLEMENTATIONS = YES;
				CLANG_WARN_DIRECT_OBJC_ISA_USAGE = YES_ERROR;
				CLANG_WARN_DOCUMENTATION_COMMENTS = YES;
				CLANG_WARN_EMPTY_BODY = YES;
				CLANG_WARN_ENUM_CONVERSION = YES;
				CLANG_WARN_INFINITE_RECURSION = YES;
				CLANG_WARN_INT_CONVERSION = YES;
				CLANG_WARN_NON_LITERAL_NULL_CONVERSION = YES;
				CLANG_WARN_OBJC_IMPLICIT_RETAIN_SELF = YES;
				CLANG_WARN_OBJC_LITERAL_CONVERSION = YES;
				CLANG_WARN_OBJC_ROOT_CLASS = YES_ERROR;
				CLANG_WARN_QUOTED_INCLUDE_IN_FRAMEWORK_HEADER = YES;
				CLANG_WARN_RANGE_LOOP_ANALYSIS = YES;
				CLANG_WARN_STRICT_PROTOTYPES = YES;
				CLANG_WARN_SUSPICIOUS_MOVE = YES;
				CLANG_WARN_UNGUARDED_AVAILABILITY = YES_AGGRESSIVE;
				CLANG_WARN_UNREACHABLE_CODE = YES;
				CLANG_WARN__DUPLICATE_METHOD_MATCH = YES;
				COPY_PHASE_STRIP = NO;
				DEBUG_INFORMATION_FORMAT = "dwarf-with-dsym";
				ENABLE_NS_ASSERTIONS = NO;
				ENABLE_STRICT_OBJC_MSGSEND = YES;
				GCC_C_LANGUAGE_STANDARD = gnu11;
				GCC_NO_COMMON_BLOCKS = YES;
				GCC_WARN_64_TO_32_BIT_CONVERSION = YES;
				GCC_WARN_ABOUT_RETURN_TYPE = YES_ERROR;
				GCC_WARN_UNDECLARED_SELECTOR = YES;
				GCC_WARN_UNINITIALIZED_AUTOS = YES_AGGRESSIVE;
				GCC_WARN_UNUSED_FUNCTION = YES;
				GCC_WARN_UNUSED_VARIABLE = YES;
				IPHONEOS_DEPLOYMENT_TARGET = 14.2;
				MTL_ENABLE_DEBUG_INFO = NO;
				MTL_FAST_MATH = YES;
				SDKROOT = iphoneos;
				SWIFT_COMPILATION_MODE = wholemodule;
				SWIFT_OPTIMIZATION_LEVEL = "-O";
				VALIDATE_PRODUCT = YES;
			};
			name = Release;
		};
		CD853ED62577612C00B6D8D3 /* Debug */ = {
			isa = XCBuildConfiguration;
			buildSettings = {
				ASSETCATALOG_COMPILER_APPICON_NAME = AppIcon;
				ASSETCATALOG_COMPILER_GLOBAL_ACCENT_COLOR_NAME = AccentColor;
				CODE_SIGN_STYLE = Automatic;
				INFOPLIST_FILE = TableConfigureExample/Info.plist;
				IPHONEOS_DEPLOYMENT_TARGET = 14.2;
				LD_RUNPATH_SEARCH_PATHS = (
					"$(inherited)",
					"@executable_path/Frameworks",
				);
				PRODUCT_BUNDLE_IDENTIFIER = training.swift.sample.TableConfigureExample;
				PRODUCT_NAME = "$(TARGET_NAME)";
				SWIFT_VERSION = 5.0;
				TARGETED_DEVICE_FAMILY = "1,2";
			};
			name = Debug;
		};
		CD853ED72577612C00B6D8D3 /* Release */ = {
			isa = XCBuildConfiguration;
			buildSettings = {
				ASSETCATALOG_COMPILER_APPICON_NAME = AppIcon;
				ASSETCATALOG_COMPILER_GLOBAL_ACCENT_COLOR_NAME = AccentColor;
				CODE_SIGN_STYLE = Automatic;
				INFOPLIST_FILE = TableConfigureExample/Info.plist;
				IPHONEOS_DEPLOYMENT_TARGET = 14.2;
				LD_RUNPATH_SEARCH_PATHS = (
					"$(inherited)",
					"@executable_path/Frameworks",
				);
				PRODUCT_BUNDLE_IDENTIFIER = training.swift.sample.TableConfigureExample;
				PRODUCT_NAME = "$(TARGET_NAME)";
				SWIFT_VERSION = 5.0;
				TARGETED_DEVICE_FAMILY = "1,2";
			};
			name = Release;
		};
/* End XCBuildConfiguration section */

/* Begin XCConfigurationList section */
		CD853EBC2577612B00B6D8D3 /* Build configuration list for PBXProject "TableConfigureExample" */ = {
			isa = XCConfigurationList;
			buildConfigurations = (
				CD853ED32577612C00B6D8D3 /* Debug */,
				CD853ED42577612C00B6D8D3 /* Release */,
			);
			defaultConfigurationIsVisible = 0;
			defaultConfigurationName = Release;
		};
		CD853ED52577612C00B6D8D3 /* Build configuration list for PBXNativeTarget "TableConfigureExample" */ = {
			isa = XCConfigurationList;
			buildConfigurations = (
				CD853ED62577612C00B6D8D3 /* Debug */,
				CD853ED72577612C00B6D8D3 /* Release */,
			);
			defaultConfigurationIsVisible = 0;
			defaultConfigurationName = Release;
		};
/* End XCConfigurationList section */
	};
	rootObject = CD853EB92577612B00B6D8D3 /* Project object */;
}
